
Microsoft Visual Studio Solution File, Format Version 12.00
# Visual Studio Version 17
VisualStudioVersion = 17.1.32210.238
MinimumVisualStudioVersion = 10.0.40219.1
Project("{888888A0-9F3D-457C-B088-3A5042F75D52}") = "namma", "namma\namma.pyproj", "{E7A12CE4-AE6E-4ECC-A506-CE4C0FD3D502}"
EndProject
Global
	GlobalSection(SolutionConfigurationPlatforms) = preSolution
		Debug|Any CPU = Debug|Any CPU
		Release|Any CPU = Release|Any CPU
	EndGlobalSection
	GlobalSection(ProjectConfigurationPlatforms) = postSolution
		{E7A12CE4-AE6E-4ECC-A506-CE4C0FD3D502}.Debug|Any CPU.ActiveCfg = Debug|Any CPU
		{E7A12CE4-AE6E-4ECC-A506-CE4C0FD3D502}.Release|Any CPU.ActiveCfg = Release|Any CPU
	EndGlobalSection
	GlobalSection(SolutionProperties) = preSolution
		HideSolutionNode = FALSE
	EndGlobalSection
	GlobalSection(ExtensibilityGlobals) = postSolution
		SolutionGuid = {1CC5540B-C052-44D2-B4B8-74005AE6C8AB}
	EndGlobalSection
EndGlobal
